{
  "version": 4,
  "terraform_version": "1.12.2",
  "serial": 114,
  "lineage": "97515318-48d6-6a31-6ec9-37532ae41d78",
  "outputs": {
    "ec2_public_ip": {
      "value": "35.153.103.33",
      "type": "string"
    },
    "rds_endpoint": {
      "value": "cloudboilerplate-db.ckhagmqygs68.us-east-1.rds.amazonaws.com:3306",
      "type": "string"
    },
    "rds_port": {
      "value": 3306,
      "type": "number"
    }
  },
  "resources": [
    {
      "mode": "managed",
      "type": "aws_s3_bucket",
      "name": "my-test-bucket",
      "provider": "provider[\"registry.terraform.io/hashicorp/aws\"]",
      "instances": [
        {
          "schema_version": 0,
          "attributes": {
            "acceleration_status": "",
            "acl": "private",
            "arn": "arn:aws:s3:::cloud.boiler.plate-terraform-state",
            "bucket": "cloud.boiler.plate-terraform-state",
            "bucket_domain_name": "cloud.boiler.plate-terraform-state.s3.amazonaws.com",
            "bucket_prefix": "",
            "bucket_region": "us-east-1",
            "bucket_regional_domain_name": "cloud.boiler.plate-terraform-state.s3.us-east-1.amazonaws.com",
            "cors_rule": [],
            "force_destroy": false,
            "grant": [
              {
                "id": "1fa645bd1a8493c5fe896da3a8c5cc0ee44a3a646807b01b63cdc76e8a9a57bc",
                "permissions": [
                  "FULL_CONTROL"
                ],
                "type": "CanonicalUser",
                "uri": ""
              }
            ],
            "hosted_zone_id": "Z3AQBSTGFYJSTF",
            "id": "cloud.boiler.plate-terraform-state",
            "lifecycle_rule": [],
            "logging": [],
            "object_lock_configuration": [],
            "object_lock_enabled": false,
            "policy": "",
            "region": "us-east-1",
            "replication_configuration": [],
            "request_payer": "BucketOwner",
            "server_side_encryption_configuration": [
              {
                "rule": [
                  {
                    "apply_server_side_encryption_by_default": [
                      {
                        "kms_master_key_id": "",
                        "sse_algorithm": "AES256"
                      }
                    ],
                    "bucket_key_enabled": false
                  }
                ]
              }
            ],
            "tags": {
              "Environment": "Dev",
              "ManagedBy": "Terraform",
              "Name": "My bucket"
            },
            "tags_all": {
              "Environment": "Dev",
              "ManagedBy": "Terraform",
              "Name": "My bucket"
            },
            "timeouts": null,
            "versioning": [
              {
                "enabled": false,
                "mfa_delete": false
              }
            ],
            "website": [],
            "website_domain": null,
            "website_endpoint": null
          },
          "sensitive_attributes": [],
          "identity_schema_version": 0,
          "identity": {
            "account_id": "067964157498",
            "bucket": "cloud.boiler.plate-terraform-state",
            "region": "us-east-1"
          },
          "private": "eyJlMmJmYjczMC1lY2FhLTExZTYtOGY4OC0zNDM2M2JjN2M0YzAiOnsiY3JlYXRlIjoxMjAwMDAwMDAwMDAwLCJkZWxldGUiOjM2MDAwMDAwMDAwMDAsInJlYWQiOjEyMDAwMDAwMDAwMDAsInVwZGF0ZSI6MTIwMDAwMDAwMDAwMH19"
        }
      ]
    },
    {
      "mode": "managed",
      "type": "aws_s3_bucket_acl",
      "name": "this",
      "provider": "provider[\"registry.terraform.io/hashicorp/aws\"]",
      "instances": [
        {
          "schema_version": 0,
          "attributes": {
            "access_control_policy": [
              {
                "grant": [
                  {
                    "grantee": [
                      {
                        "display_name": "andretavares16",
                        "email_address": "",
                        "id": "1fa645bd1a8493c5fe896da3a8c5cc0ee44a3a646807b01b63cdc76e8a9a57bc",
                        "type": "CanonicalUser",
                        "uri": ""
                      }
                    ],
                    "permission": "FULL_CONTROL"
                  }
                ],
                "owner": [
                  {
                    "display_name": "andretavares16",
                    "id": "1fa645bd1a8493c5fe896da3a8c5cc0ee44a3a646807b01b63cdc76e8a9a57bc"
                  }
                ]
              }
            ],
            "acl": "private",
            "bucket": "cloud.boiler.plate-terraform-state",
            "expected_bucket_owner": "",
            "id": "cloud.boiler.plate-terraform-state,private",
            "region": "us-east-1"
          },
          "sensitive_attributes": [],
          "identity_schema_version": 0,
          "private": "bnVsbA==",
          "dependencies": [
            "aws_s3_bucket.my-test-bucket",
            "aws_s3_bucket_ownership_controls.this"
          ]
        }
      ]
    },
    {
      "mode": "managed",
      "type": "aws_s3_bucket_ownership_controls",
      "name": "this",
      "provider": "provider[\"registry.terraform.io/hashicorp/aws\"]",
      "instances": [
        {
          "schema_version": 0,
          "attributes": {
            "bucket": "cloud.boiler.plate-terraform-state",
            "id": "cloud.boiler.plate-terraform-state",
            "region": "us-east-1",
            "rule": [
              {
                "object_ownership": "BucketOwnerPreferred"
              }
            ]
          },
          "sensitive_attributes": [],
          "identity_schema_version": 0,
          "private": "bnVsbA==",
          "dependencies": [
            "aws_s3_bucket.my-test-bucket"
          ]
        }
      ]
    },
    {
      "module": "module.ec2",
      "mode": "managed",
      "type": "aws_instance",
      "name": "this",
      "provider": "provider[\"registry.terraform.io/hashicorp/aws\"]",
      "instances": [
        {
          "schema_version": 2,
          "attributes": {
            "ami": "ami-08a6efd148b1f7504",
            "arn": "arn:aws:ec2:us-east-1:067964157498:instance/i-09230802f327edddc",
            "associate_public_ip_address": true,
            "availability_zone": "us-east-1a",
            "capacity_reservation_specification": [
              {
                "capacity_reservation_preference": "open",
                "capacity_reservation_target": []
              }
            ],
            "cpu_options": [
              {
                "amd_sev_snp": "",
                "core_count": 1,
                "threads_per_core": 2
              }
            ],
            "credit_specification": [
              {
                "cpu_credits": "unlimited"
              }
            ],
            "disable_api_stop": false,
            "disable_api_termination": false,
            "ebs_block_device": [],
            "ebs_optimized": false,
            "enable_primary_ipv6": null,
            "enclave_options": [
              {
                "enabled": false
              }
            ],
            "ephemeral_block_device": [],
            "get_password_data": false,
            "hibernation": false,
            "host_id": "",
            "host_resource_group_arn": null,
            "iam_instance_profile": "",
            "id": "i-09230802f327edddc",
            "instance_initiated_shutdown_behavior": "stop",
            "instance_lifecycle": "",
            "instance_market_options": [],
            "instance_state": "running",
            "instance_type": "t3.micro",
            "ipv6_address_count": 0,
            "ipv6_addresses": [],
            "key_name": "cloudboilerplate-key",
            "launch_template": [],
            "maintenance_options": [
              {
                "auto_recovery": "default"
              }
            ],
            "metadata_options": [
              {
                "http_endpoint": "enabled",
                "http_protocol_ipv6": "disabled",
                "http_put_response_hop_limit": 2,
                "http_tokens": "required",
                "instance_metadata_tags": "disabled"
              }
            ],
            "monitoring": false,
            "network_interface": [],
            "outpost_arn": "",
            "password_data": "",
            "placement_group": "",
            "placement_partition_number": 0,
            "primary_network_interface_id": "eni-01fc72e0610158d54",
            "private_dns": "ip-10-0-1-193.ec2.internal",
            "private_dns_name_options": [
              {
                "enable_resource_name_dns_a_record": false,
                "enable_resource_name_dns_aaaa_record": false,
                "hostname_type": "ip-name"
              }
            ],
            "private_ip": "10.0.1.193",
            "public_dns": "ec2-35-153-103-33.compute-1.amazonaws.com",
            "public_ip": "35.153.103.33",
            "region": "us-east-1",
            "root_block_device": [
              {
                "delete_on_termination": true,
                "device_name": "/dev/xvda",
                "encrypted": false,
                "iops": 3000,
                "kms_key_id": "",
                "tags": {},
                "tags_all": {},
                "throughput": 125,
                "volume_id": "vol-05fe20f4b6e3b28f7",
                "volume_size": 8,
                "volume_type": "gp3"
              }
            ],
            "secondary_private_ips": [],
            "security_groups": [],
            "source_dest_check": true,
            "spot_instance_request_id": "",
            "subnet_id": "subnet-0cc1c1c13f3e43171",
            "tags": {
              "Name": "cloudboilerplate-ec2"
            },
            "tags_all": {
              "Name": "cloudboilerplate-ec2"
            },
            "tenancy": "default",
            "timeouts": null,
            "user_data": "#!/bin/bash\r\nexec \u003e /var/log/user_data.log 2\u003e\u00261\r\n\r\necho \"Atualizando pacotes...\"\r\ndnf update -y\r\n\r\necho \"Instalando nginx e klient mysql (via mariadb105)...\"\r\ndnf install -y nginx mariadb105\r\n\r\necho \"Habilitando e iniciando nginx...\"\r\nsystemctl enable nginx\r\nsystemctl start nginx\r\n\r\necho \"Instalando cliente MySQL...\"\r\n# mariadb105 já fornece o cliente 'mysql'\r\n\r\necho \"Escrevendo página HTML...\"\r\necho '\u003c!DOCTYPE html\u003e\u003chtml\u003e\u003chead\u003e\u003cmeta charset=\"UTF-8\"\u003e\u003c/head\u003e\u003cbody\u003e\u003ch1\u003eOlá! Servidor provisionado com Terraform 🚀\u003c/h1\u003e\u003c/body\u003e\u003c/html\u003e' \u003e /usr/share/nginx/html/index.html\r\n\r\necho \"Finalizado!\"\r\n",
            "user_data_base64": null,
            "user_data_replace_on_change": false,
            "volume_tags": null,
            "vpc_security_group_ids": [
              "sg-086577d942b5fd103"
            ]
          },
          "sensitive_attributes": [],
          "identity_schema_version": 0,
          "private": "eyJlMmJmYjczMC1lY2FhLTExZTYtOGY4OC0zNDM2M2JjN2M0YzAiOnsiY3JlYXRlIjo2MDAwMDAwMDAwMDAsImRlbGV0ZSI6MTIwMDAwMDAwMDAwMCwicmVhZCI6OTAwMDAwMDAwMDAwLCJ1cGRhdGUiOjYwMDAwMDAwMDAwMH0sInNjaGVtYV92ZXJzaW9uIjoiMiJ9",
          "dependencies": [
            "module.ec2.aws_key_pair.this",
            "module.ec2.tls_private_key.this",
            "module.security_groups.aws_security_group.ec2_sg",
            "module.vpc.aws_subnet.public_subnet",
            "module.vpc.aws_vpc.main"
          ]
        }
      ]
    },
    {
      "module": "module.ec2",
      "mode": "managed",
      "type": "aws_key_pair",
      "name": "this",
      "provider": "provider[\"registry.terraform.io/hashicorp/aws\"]",
      "instances": [
        {
          "schema_version": 1,
          "attributes": {
            "arn": "arn:aws:ec2:us-east-1:067964157498:key-pair/cloudboilerplate-key",
            "fingerprint": "cc:6f:bd:7b:c1:54:d6:ea:67:1a:34:8f:4d:3e:ca:15",
            "id": "cloudboilerplate-key",
            "key_name": "cloudboilerplate-key",
            "key_name_prefix": "",
            "key_pair_id": "key-066588cd31f7bec92",
            "key_type": "rsa",
            "public_key": "ssh-rsa AAAAB3NzaC1yc2EAAAADAQABAAACAQDV2si5giXY20bHARPTsosxZ5108y/ZVayF83Wl4rXRriryNn1BeJy6oqcum5izY+oNdrtigwl9nc6jVPn+5tYd73dWhiWgBgc1zGcc/DF+k+7eyGyI3MkYdfduoZIVuRs8RIn5WyTVIfz+X9z8GbgYAbyL0fMXTPvUCEB5UMC7go4Z8Ztg+raCSIMYVaqVjDr7T93bDMAOaW56RaBJwLc1c1lNlpOvGzPnPl5Q82clTujjKyeIIlM4QfknZXXDf17DKE+ObDSwXOM6CL2Uc4PkpnTaxbVis9cyLleRE/jr3DB73NpRgnDCq1xE8RmPgbzVNY5ACM30rlSCdgk/wtf9HHRduZqomwCMwSuTPgE/ShLRuYqtqOTBQ12vg5jap52fOKqfQQTq2k0wiTaq/M1nnae7qymfq6Ndp2VAV8n17Fg/5Scp1k6hcHlAth1RZrWCe0gKsywVJF6apXqWc2rbQYOmV7oJf5M/0duYmgBdrUD9kvXz3ZBQyYc7DUYwRmh22J9FgqZRfasOZQEH6C29z7JrezT3VS8o7aqYZM5X4kIO+B4qBbAjznIhDNKi6EJ4xm3Qh5HDnF99EZThRCf0sN+btyVXQlm1FvDeHPsBmeLDRlulkIbNUEhB5D7Ihqzbo/HNjMrdJ6sze2tDaH4L4QZMZA1dm1/1vAPcmYFAiw==",
            "region": "us-east-1",
            "tags": {},
            "tags_all": {}
          },
          "sensitive_attributes": [],
          "identity_schema_version": 0,
          "private": "eyJzY2hlbWFfdmVyc2lvbiI6IjEifQ==",
          "dependencies": [
            "module.ec2.tls_private_key.this"
          ]
        }
      ]
    },
    {
      "module": "module.ec2",
      "mode": "managed",
      "type": "local_file",
      "name": "private_key",
      "provider": "provider[\"registry.terraform.io/hashicorp/local\"]",
      "instances": [
        {
          "schema_version": 0,
          "attributes": {
            "content": "-----BEGIN RSA PRIVATE KEY-----\nMIIJKQIBAAKCAgEA1drIuYIl2NtGxwET07KLMWeddPMv2VWshfN1peK10a4q8jZ9\nQXicuqKnLpuYs2PqDXa7YoMJfZ3Oo1T5/ubWHe93VoYloAYHNcxnHPwxfpPu3shs\niNzJGHX3bqGSFbkbPESJ+Vsk1SH8/l/c/Bm4GAG8i9HzF0z71AhAeVDAu4KOGfGb\nYPq2gkiDGFWqlYw6+0/d2wzADmluekWgScC3NXNZTZaTrxsz5z5eUPNnJU7o4ysn\niCJTOEH5J2V1w39ewyhPjmw0sFzjOgi9lHOD5KZ02sW1YrPXMi5XkRP469wwe9za\nUYJwwqtcRPEZj4G81TWOQAjN9K5UgnYJP8LX/Rx0XbmaqJsAjMErkz4BP0oS0bmK\nrajkwUNdr4OY2qednziqn0EE6tpNMIk2qvzNZ52nu6spn6ujXadlQFfJ9exYP+Un\nKdZOoXB5QLYdUWa1gntICrMsFSRemqV6lnNq20GDple6CX+TP9HbmJoAXa1A/ZL1\n892QUMmHOw1GMEZodtifRYKmUX2rDmUBB+gtvc+ya3s091UvKO2qmGTOV+JCDvge\nKgWwI85yIQzSouhCeMZt0IeRw5xffRGU4UQn9LDfm7clV0JZtRbw3hz7AZniw0Zb\npZCGzVBIQeQ+yIas26PxzYzK3SerM3trQ2h+C+EGTGQNXZtf9bwD3JmBQIsCAwEA\nAQKCAgBW+nAPO0bnZ2/m+qI0xPZl9q2M5mf8riLILFgaSxYGHR9segsBuOuN4R+8\nDh7SP33vUe4ux/rxM2Da/3HaYcqOTFouP8tHxYvjLqp1mIEM6WALDltOYvYLU9d6\nEI7Y9PuFzJ6NY6ucYAGE+Dpp8o/0e6hS+eY0AOSfvWdzsAtjeFsRZDn8/JuEa7ee\nCyGhR3KpyjcCo7HtaqY7ZtwlgxNA0xRsQST54EeA8tXreMPn4atI0cF3Vfag9/w9\nML/v7nr9RwTseUgIvw7QCMQKf90R/z2hyS3X4itRRpXo9MWWMG0rw4ysADCajJWv\nmJv7yRmjYe/kTXBu5wSKNzXV0AqGMlVfJITYB6CEV0Ha3zU916quN+dnr16oraCr\nGn9ulwZuNY1vNImWpQB63fawonbf8MBX/BDBCt1kVYG2cloohbhlKEUwyvZrlTBl\nZg6OztZn0uj6BwgE7qfsHux35kJDTrD2DBN6TqAgfQLJBCIGx/TY5rOruYhEpjuP\nlSojtG9Z+Ohr02OT0gXVhu+6a6BiBMDQbuNYjkLFaNM8wLJhMtSSLKfrPRf93ihD\nMmXOI7IHHxADRX5UMYdXgjq6PgKGyFfj8m3WRDNhEI68Wy9PRJVQvHC2SA3DVm+k\nwXR7Y2Zkmc98hDMQ8lLa/VePkoKid0jrlZ2XJQgZLi8KY9sD0QKCAQEA7Yxgwq/G\n6H0D9ChMdINLybLQHRp0W+DGlEvq0N1+z3zDk4P3ViJBJPcTG3ijEm/7pqSehVoi\nWZbsmvzEF45/O4S2OYQ/O7aDMt1Qup8yeZbkmUcJqKXKb8DVtINYHnUqEkDEKmGX\ns2lmffKz23de93O3iLRMcrcKL+QPqXpLY1WJ2jOAyzfPnH23Za9wFwSiKDf0hEsE\nfauhTyekYe3FLFo64OTu/ysn7k2izQH8V9Xvp1j7ou1cPS3zk/0Zbz07eNaCkrpj\nx2wqTx1G1r/XFsSQfQA38veQQHQjffl014UiFVfBzqsFzAnRQzW0k00yE5IQwcsG\nO2IG1+fp33WeGQKCAQEA5ndCUUiYGvup/sBGv4CmQ+5GQZ10NxX6H8MEOAEVnSr/\nbjfoS3UncN3o91171jNouOYo48PRw6mBvdXx5GQeksaLYhpwqt8MrabmWFPJao7a\nzJuQqYp4UapkMKVF+EcSnC4QaVGVXGK23de4kNQNeNQONxVYf2lRXwpFuij9Jrwo\nUQXe0pQxNUjP6pwPgsNsEaKeOrZIiMj2Mjy2S5bhjKhiEUSfRiUk2HybulODKIO2\nWzi6mgCPInYDwZafoYvWA3ccjuu8nGvQy7pNyxlOkT/vVDhRYaD+MNkXhZ3cJE8w\nQN/E7J9RAEIHt590Zr2SYHsmM6LikoH4PipoFNvgQwKCAQEArLfLxuKNqo7zZ/xB\nEtpAKahU/0Qz5HX7jOniEvlpca2SeliSZtNDMIBhKTE+yHIZtGGvTOBrZ16ALHSq\nk0ItqnXlFM7eNymOHVajkv2bcqLPFc97616YYUcBW13AnWytKVZkCzioV2/EcMEe\nGu2hZCSEBuapSyNhSc71wFFGLTSNpdSayaeL0Ynq5gl4Y5Qf30RICkSNQF6hS+9T\n60w5d/UnKEvspiWXxAI44/yUoLzRoojldeJFlcoqd6iobKRF8KdviwXw9Jfl714n\nGo+j8U78i5a0F3n/LY4EHF1bojSPwprrNLxO27srp0WORSf0yBwFCRL4NgchWKyr\n9KkNSQKCAQEA1H8Dw8SmksKWxJBu6yXop9vsJZXTUPNPk7eRjT3auvapW+vqoKCd\nxCCoLGSiySbPmSSGcTPdloYVXX8FsOtrkTPF0qfEWJierQKlgq2Gmlyre1q4sMo/\nFDWCeaP59uk5TI3gjesuR2exaqz7vXX4Ef+cN8fTuG7YG0RydCpU+EEm/0XlZM5E\n7Pd81bodRxl+7Ge/cy0dhhmdf0ahYuL0hme/PGLEZL3c0ktanxtfZJzFKCkPTO3V\nDBY6cmW6PA6ePsW1rEXJu4RhmWbnUau82IpV1pay2szBczLH0Gh0UXo+aKKqhO6E\nljNLwFAi2JRUgecqmxPFywZRaKhbHVh61wKCAQAsa+Uc4OI5bww1pqjtCQjqzqEu\nHafgUc6fO+WRDKVUe4b7oFEIt5PqVmCzc6O2NF583GSEGSmhqa1UUEearzCsB1nM\nNtMZ/euZjEI3pnR5PMZ6ypngPn7ZmveeU1VP0n1GHsBsIm6B1Py2PQeqpuL5/cW1\n9nZO+jUHqtw2algc9xon7Qlwkkx9hLBA+S2ql9s3PWhPQ+wxk4wpqB2lnnmQ82fP\nkMJHD94a6vcFEi6au1udD+Lkg0ud4qQ7FZRxlNlwHlOSE0wTnWu3C8bA9U1Ju5bO\nT01cb00lbXAhkfnZ5eUaJHIEaE/jsOZSt1dYKUPeXkDScsAO/k5CsTH8a0pu\n-----END RSA PRIVATE KEY-----\n",
            "content_base64": null,
            "content_base64sha256": "PrHSOFwSFn0EEuC5C3TWVsgDt1qwumShAa0mJnMIwzg=",
            "content_base64sha512": "jAqUXto74ZK/62UCMi2fLlmwvpWZg7sAAMMkgHswANFZs53+zmCrDeHpEPnrx/cWVlApTPsTFWy1ue9+1luMOQ==",
            "content_md5": "57d7ce7226f347b5d0c208738b1c0df9",
            "content_sha1": "147226431c5c750df29e484cfdc5e6da61468917",
            "content_sha256": "3eb1d2385c12167d0412e0b90b74d656c803b75ab0ba64a101ad26267308c338",
            "content_sha512": "8c0a945eda3be192bfeb6502322d9f2e59b0be959983bb0000c324807b3000d159b39dfece60ab0de1e910f9ebc7f7165650294cfb13156cb5b9ef7ed65b8c39",
            "directory_permission": "0777",
            "file_permission": "0600",
            "filename": "modules/ec2/cloudboilerplate-key.pem",
            "id": "147226431c5c750df29e484cfdc5e6da61468917",
            "sensitive_content": null,
            "source": null
          },
          "sensitive_attributes": [
            [
              {
                "type": "get_attr",
                "value": "content"
              }
            ],
            [
              {
                "type": "get_attr",
                "value": "sensitive_content"
              }
            ]
          ],
          "identity_schema_version": 0,
          "dependencies": [
            "module.ec2.tls_private_key.this"
          ]
        }
      ]
    },
    {
      "module": "module.ec2",
      "mode": "managed",
      "type": "tls_private_key",
      "name": "this",
      "provider": "provider[\"registry.terraform.io/hashicorp/tls\"]",
      "instances": [
        {
          "schema_version": 1,
          "attributes": {
            "algorithm": "RSA",
            "ecdsa_curve": "P224",
            "id": "c9228734bd6327fc1d1bd5a3b224121982e0e118",
            "private_key_openssh": "-----BEGIN OPENSSH PRIVATE KEY-----\nb3BlbnNzaC1rZXktdjEAAAAABG5vbmUAAAAEbm9uZQAAAAAAAAABAAACFwAAAAdz\nc2gtcnNhAAAAAwEAAQAAAgEA1drIuYIl2NtGxwET07KLMWeddPMv2VWshfN1peK1\n0a4q8jZ9QXicuqKnLpuYs2PqDXa7YoMJfZ3Oo1T5/ubWHe93VoYloAYHNcxnHPwx\nfpPu3shsiNzJGHX3bqGSFbkbPESJ+Vsk1SH8/l/c/Bm4GAG8i9HzF0z71AhAeVDA\nu4KOGfGbYPq2gkiDGFWqlYw6+0/d2wzADmluekWgScC3NXNZTZaTrxsz5z5eUPNn\nJU7o4ysniCJTOEH5J2V1w39ewyhPjmw0sFzjOgi9lHOD5KZ02sW1YrPXMi5XkRP4\n69wwe9zaUYJwwqtcRPEZj4G81TWOQAjN9K5UgnYJP8LX/Rx0XbmaqJsAjMErkz4B\nP0oS0bmKrajkwUNdr4OY2qednziqn0EE6tpNMIk2qvzNZ52nu6spn6ujXadlQFfJ\n9exYP+UnKdZOoXB5QLYdUWa1gntICrMsFSRemqV6lnNq20GDple6CX+TP9HbmJoA\nXa1A/ZL1892QUMmHOw1GMEZodtifRYKmUX2rDmUBB+gtvc+ya3s091UvKO2qmGTO\nV+JCDvgeKgWwI85yIQzSouhCeMZt0IeRw5xffRGU4UQn9LDfm7clV0JZtRbw3hz7\nAZniw0ZbpZCGzVBIQeQ+yIas26PxzYzK3SerM3trQ2h+C+EGTGQNXZtf9bwD3JmB\nQIsAAAc4BXjZ9wV42fcAAAAHc3NoLXJzYQAAAgEA1drIuYIl2NtGxwET07KLMWed\ndPMv2VWshfN1peK10a4q8jZ9QXicuqKnLpuYs2PqDXa7YoMJfZ3Oo1T5/ubWHe93\nVoYloAYHNcxnHPwxfpPu3shsiNzJGHX3bqGSFbkbPESJ+Vsk1SH8/l/c/Bm4GAG8\ni9HzF0z71AhAeVDAu4KOGfGbYPq2gkiDGFWqlYw6+0/d2wzADmluekWgScC3NXNZ\nTZaTrxsz5z5eUPNnJU7o4ysniCJTOEH5J2V1w39ewyhPjmw0sFzjOgi9lHOD5KZ0\n2sW1YrPXMi5XkRP469wwe9zaUYJwwqtcRPEZj4G81TWOQAjN9K5UgnYJP8LX/Rx0\nXbmaqJsAjMErkz4BP0oS0bmKrajkwUNdr4OY2qednziqn0EE6tpNMIk2qvzNZ52n\nu6spn6ujXadlQFfJ9exYP+UnKdZOoXB5QLYdUWa1gntICrMsFSRemqV6lnNq20GD\nple6CX+TP9HbmJoAXa1A/ZL1892QUMmHOw1GMEZodtifRYKmUX2rDmUBB+gtvc+y\na3s091UvKO2qmGTOV+JCDvgeKgWwI85yIQzSouhCeMZt0IeRw5xffRGU4UQn9LDf\nm7clV0JZtRbw3hz7AZniw0ZbpZCGzVBIQeQ+yIas26PxzYzK3SerM3trQ2h+C+EG\nTGQNXZtf9bwD3JmBQIsAAAADAQABAAACAFb6cA87Rudnb+b6ojTE9mX2rYzmZ/yu\nIsgsWBpLFgYdH2x6CwG4643hH7wOHtI/fe9R7i7H+vEzYNr/cdphyo5MWi4/y0fF\ni+MuqnWYgQzpYAsOW05i9gtT13oQjtj0+4XMno1jq5xgAYT4Omnyj/R7qFL55jQA\n5J+9Z3OwC2N4WxFkOfz8m4Rrt54LIaFHcqnKNwKjse1qpjtm3CWDE0DTFGxBJPng\nR4Dy1et4w+fhq0jRwXdV9qD3/D0wv+/uev1HBOx5SAi/DtAIxAp/3RH/PaHJLdfi\nK1FGlej0xZYwbSvDjKwAMJqMla+Ym/vJGaNh7+RNcG7nBIo3NdXQCoYyVV8khNgH\noIRXQdrfNT3Xqq4352evXqitoKsaf26XBm41jW80iZalAHrd9rCidt/wwFf8EMEK\n3WRVgbZyWiiFuGUoRTDK9muVMGVmDo7O1mfS6PoHCATup+we7HfmQkNOsPYME3pO\noCB9AskEIgbH9Njms6u5iESmO4+VKiO0b1n46GvTY5PSBdWG77proGIEwNBu41iO\nQsVo0zzAsmEy1JIsp+s9F/3eKEMyZc4jsgcfEANFflQxh1eCOro+AobIV+PybdZE\nM2EQjrxbL09ElVC8cLZIDcNWb6TBdHtjZmSZz3yEMxDyUtr9V4+SgqJ3SOuVnZcl\nCBkuLwpj2wPRAAABACxr5Rzg4jlvDDWmqO0JCOrOoS4dp+BRzp875ZEMpVR7hvug\nUQi3k+pWYLNzo7Y0XnzcZIQZKaGprVRQR5qvMKwHWcw20xn965mMQjemdHk8xnrK\nmeA+ftma955TVU/SfUYewGwiboHU/LY9B6qm4vn9xbX2dk76NQeq3DZqWBz3Gift\nCXCSTH2EsED5LaqX2zc9aE9D7DGTjCmoHaWeeZDzZ8+QwkcP3hrq9wUSLpq7W50P\n4uSDS53ipDsVlHGU2XAeU5ITTBOda7cLxsD1TUm7ls5PTVxvTSVtcCGR+dnl5Rok\ncgRoT+Ow5lK3V1gpQ95eQNJywA7+TkKxMfxrSm4AAAEBAO2MYMKvxuh9A/QoTHSD\nS8my0B0adFvgxpRL6tDdfs98w5OD91YiQST3Ext4oxJv+6aknoVaIlmW7Jr8xBeO\nfzuEtjmEPzu2gzLdULqfMnmW5JlHCailym/A1bSDWB51KhJAxCphl7NpZn3ys9t3\nXvdzt4i0THK3Ci/kD6l6S2NVidozgMs3z5x9t2WvcBcEoig39IRLBH2roU8npGHt\nxSxaOuDk7v8rJ+5Nos0B/FfV76dY+6LtXD0t85P9GW89O3jWgpK6Y8dsKk8dRta/\n1xbEkH0AN/L3kEB0I335dNeFIhVXwc6rBcwJ0UM1tJNNMhOSEMHLBjtiBtfn6d91\nnhkAAAEBAOZ3QlFImBr7qf7ARr+ApkPuRkGddDcV+h/DBDgBFZ0q/2436Et1J3Dd\n6Pdde9YzaLjmKOPD0cOpgb3V8eRkHpLGi2IacKrfDK2m5lhTyWqO2sybkKmKeFGq\nZDClRfhHEpwuEGlRlVxitt3XuJDUDXjUDjcVWH9pUV8KRboo/Sa8KFEF3tKUMTVI\nz+qcD4LDbBGinjq2SIjI9jI8tkuW4YyoYhFEn0YlJNh8m7pTgyiDtls4upoAjyJ2\nA8GWn6GL1gN3HI7rvJxr0Mu6TcsZTpE/71Q4UWGg/jDZF4Wd3CRPMEDfxOyfUQBC\nB7efdGa9kmB7JjOi4pKB+D4qaBTb4EMAAAAAAQID\n-----END OPENSSH PRIVATE KEY-----\n",
            "private_key_pem": "-----BEGIN RSA PRIVATE KEY-----\nMIIJKQIBAAKCAgEA1drIuYIl2NtGxwET07KLMWeddPMv2VWshfN1peK10a4q8jZ9\nQXicuqKnLpuYs2PqDXa7YoMJfZ3Oo1T5/ubWHe93VoYloAYHNcxnHPwxfpPu3shs\niNzJGHX3bqGSFbkbPESJ+Vsk1SH8/l/c/Bm4GAG8i9HzF0z71AhAeVDAu4KOGfGb\nYPq2gkiDGFWqlYw6+0/d2wzADmluekWgScC3NXNZTZaTrxsz5z5eUPNnJU7o4ysn\niCJTOEH5J2V1w39ewyhPjmw0sFzjOgi9lHOD5KZ02sW1YrPXMi5XkRP469wwe9za\nUYJwwqtcRPEZj4G81TWOQAjN9K5UgnYJP8LX/Rx0XbmaqJsAjMErkz4BP0oS0bmK\nrajkwUNdr4OY2qednziqn0EE6tpNMIk2qvzNZ52nu6spn6ujXadlQFfJ9exYP+Un\nKdZOoXB5QLYdUWa1gntICrMsFSRemqV6lnNq20GDple6CX+TP9HbmJoAXa1A/ZL1\n892QUMmHOw1GMEZodtifRYKmUX2rDmUBB+gtvc+ya3s091UvKO2qmGTOV+JCDvge\nKgWwI85yIQzSouhCeMZt0IeRw5xffRGU4UQn9LDfm7clV0JZtRbw3hz7AZniw0Zb\npZCGzVBIQeQ+yIas26PxzYzK3SerM3trQ2h+C+EGTGQNXZtf9bwD3JmBQIsCAwEA\nAQKCAgBW+nAPO0bnZ2/m+qI0xPZl9q2M5mf8riLILFgaSxYGHR9segsBuOuN4R+8\nDh7SP33vUe4ux/rxM2Da/3HaYcqOTFouP8tHxYvjLqp1mIEM6WALDltOYvYLU9d6\nEI7Y9PuFzJ6NY6ucYAGE+Dpp8o/0e6hS+eY0AOSfvWdzsAtjeFsRZDn8/JuEa7ee\nCyGhR3KpyjcCo7HtaqY7ZtwlgxNA0xRsQST54EeA8tXreMPn4atI0cF3Vfag9/w9\nML/v7nr9RwTseUgIvw7QCMQKf90R/z2hyS3X4itRRpXo9MWWMG0rw4ysADCajJWv\nmJv7yRmjYe/kTXBu5wSKNzXV0AqGMlVfJITYB6CEV0Ha3zU916quN+dnr16oraCr\nGn9ulwZuNY1vNImWpQB63fawonbf8MBX/BDBCt1kVYG2cloohbhlKEUwyvZrlTBl\nZg6OztZn0uj6BwgE7qfsHux35kJDTrD2DBN6TqAgfQLJBCIGx/TY5rOruYhEpjuP\nlSojtG9Z+Ohr02OT0gXVhu+6a6BiBMDQbuNYjkLFaNM8wLJhMtSSLKfrPRf93ihD\nMmXOI7IHHxADRX5UMYdXgjq6PgKGyFfj8m3WRDNhEI68Wy9PRJVQvHC2SA3DVm+k\nwXR7Y2Zkmc98hDMQ8lLa/VePkoKid0jrlZ2XJQgZLi8KY9sD0QKCAQEA7Yxgwq/G\n6H0D9ChMdINLybLQHRp0W+DGlEvq0N1+z3zDk4P3ViJBJPcTG3ijEm/7pqSehVoi\nWZbsmvzEF45/O4S2OYQ/O7aDMt1Qup8yeZbkmUcJqKXKb8DVtINYHnUqEkDEKmGX\ns2lmffKz23de93O3iLRMcrcKL+QPqXpLY1WJ2jOAyzfPnH23Za9wFwSiKDf0hEsE\nfauhTyekYe3FLFo64OTu/ysn7k2izQH8V9Xvp1j7ou1cPS3zk/0Zbz07eNaCkrpj\nx2wqTx1G1r/XFsSQfQA38veQQHQjffl014UiFVfBzqsFzAnRQzW0k00yE5IQwcsG\nO2IG1+fp33WeGQKCAQEA5ndCUUiYGvup/sBGv4CmQ+5GQZ10NxX6H8MEOAEVnSr/\nbjfoS3UncN3o91171jNouOYo48PRw6mBvdXx5GQeksaLYhpwqt8MrabmWFPJao7a\nzJuQqYp4UapkMKVF+EcSnC4QaVGVXGK23de4kNQNeNQONxVYf2lRXwpFuij9Jrwo\nUQXe0pQxNUjP6pwPgsNsEaKeOrZIiMj2Mjy2S5bhjKhiEUSfRiUk2HybulODKIO2\nWzi6mgCPInYDwZafoYvWA3ccjuu8nGvQy7pNyxlOkT/vVDhRYaD+MNkXhZ3cJE8w\nQN/E7J9RAEIHt590Zr2SYHsmM6LikoH4PipoFNvgQwKCAQEArLfLxuKNqo7zZ/xB\nEtpAKahU/0Qz5HX7jOniEvlpca2SeliSZtNDMIBhKTE+yHIZtGGvTOBrZ16ALHSq\nk0ItqnXlFM7eNymOHVajkv2bcqLPFc97616YYUcBW13AnWytKVZkCzioV2/EcMEe\nGu2hZCSEBuapSyNhSc71wFFGLTSNpdSayaeL0Ynq5gl4Y5Qf30RICkSNQF6hS+9T\n60w5d/UnKEvspiWXxAI44/yUoLzRoojldeJFlcoqd6iobKRF8KdviwXw9Jfl714n\nGo+j8U78i5a0F3n/LY4EHF1bojSPwprrNLxO27srp0WORSf0yBwFCRL4NgchWKyr\n9KkNSQKCAQEA1H8Dw8SmksKWxJBu6yXop9vsJZXTUPNPk7eRjT3auvapW+vqoKCd\nxCCoLGSiySbPmSSGcTPdloYVXX8FsOtrkTPF0qfEWJierQKlgq2Gmlyre1q4sMo/\nFDWCeaP59uk5TI3gjesuR2exaqz7vXX4Ef+cN8fTuG7YG0RydCpU+EEm/0XlZM5E\n7Pd81bodRxl+7Ge/cy0dhhmdf0ahYuL0hme/PGLEZL3c0ktanxtfZJzFKCkPTO3V\nDBY6cmW6PA6ePsW1rEXJu4RhmWbnUau82IpV1pay2szBczLH0Gh0UXo+aKKqhO6E\nljNLwFAi2JRUgecqmxPFywZRaKhbHVh61wKCAQAsa+Uc4OI5bww1pqjtCQjqzqEu\nHafgUc6fO+WRDKVUe4b7oFEIt5PqVmCzc6O2NF583GSEGSmhqa1UUEearzCsB1nM\nNtMZ/euZjEI3pnR5PMZ6ypngPn7ZmveeU1VP0n1GHsBsIm6B1Py2PQeqpuL5/cW1\n9nZO+jUHqtw2algc9xon7Qlwkkx9hLBA+S2ql9s3PWhPQ+wxk4wpqB2lnnmQ82fP\nkMJHD94a6vcFEi6au1udD+Lkg0ud4qQ7FZRxlNlwHlOSE0wTnWu3C8bA9U1Ju5bO\nT01cb00lbXAhkfnZ5eUaJHIEaE/jsOZSt1dYKUPeXkDScsAO/k5CsTH8a0pu\n-----END RSA PRIVATE KEY-----\n",
            "private_key_pem_pkcs8": "-----BEGIN PRIVATE KEY-----\nMIIJQwIBADANBgkqhkiG9w0BAQEFAASCCS0wggkpAgEAAoICAQDV2si5giXY20bH\nARPTsosxZ5108y/ZVayF83Wl4rXRriryNn1BeJy6oqcum5izY+oNdrtigwl9nc6j\nVPn+5tYd73dWhiWgBgc1zGcc/DF+k+7eyGyI3MkYdfduoZIVuRs8RIn5WyTVIfz+\nX9z8GbgYAbyL0fMXTPvUCEB5UMC7go4Z8Ztg+raCSIMYVaqVjDr7T93bDMAOaW56\nRaBJwLc1c1lNlpOvGzPnPl5Q82clTujjKyeIIlM4QfknZXXDf17DKE+ObDSwXOM6\nCL2Uc4PkpnTaxbVis9cyLleRE/jr3DB73NpRgnDCq1xE8RmPgbzVNY5ACM30rlSC\ndgk/wtf9HHRduZqomwCMwSuTPgE/ShLRuYqtqOTBQ12vg5jap52fOKqfQQTq2k0w\niTaq/M1nnae7qymfq6Ndp2VAV8n17Fg/5Scp1k6hcHlAth1RZrWCe0gKsywVJF6a\npXqWc2rbQYOmV7oJf5M/0duYmgBdrUD9kvXz3ZBQyYc7DUYwRmh22J9FgqZRfasO\nZQEH6C29z7JrezT3VS8o7aqYZM5X4kIO+B4qBbAjznIhDNKi6EJ4xm3Qh5HDnF99\nEZThRCf0sN+btyVXQlm1FvDeHPsBmeLDRlulkIbNUEhB5D7Ihqzbo/HNjMrdJ6sz\ne2tDaH4L4QZMZA1dm1/1vAPcmYFAiwIDAQABAoICAFb6cA87Rudnb+b6ojTE9mX2\nrYzmZ/yuIsgsWBpLFgYdH2x6CwG4643hH7wOHtI/fe9R7i7H+vEzYNr/cdphyo5M\nWi4/y0fFi+MuqnWYgQzpYAsOW05i9gtT13oQjtj0+4XMno1jq5xgAYT4Omnyj/R7\nqFL55jQA5J+9Z3OwC2N4WxFkOfz8m4Rrt54LIaFHcqnKNwKjse1qpjtm3CWDE0DT\nFGxBJPngR4Dy1et4w+fhq0jRwXdV9qD3/D0wv+/uev1HBOx5SAi/DtAIxAp/3RH/\nPaHJLdfiK1FGlej0xZYwbSvDjKwAMJqMla+Ym/vJGaNh7+RNcG7nBIo3NdXQCoYy\nVV8khNgHoIRXQdrfNT3Xqq4352evXqitoKsaf26XBm41jW80iZalAHrd9rCidt/w\nwFf8EMEK3WRVgbZyWiiFuGUoRTDK9muVMGVmDo7O1mfS6PoHCATup+we7HfmQkNO\nsPYME3pOoCB9AskEIgbH9Njms6u5iESmO4+VKiO0b1n46GvTY5PSBdWG77proGIE\nwNBu41iOQsVo0zzAsmEy1JIsp+s9F/3eKEMyZc4jsgcfEANFflQxh1eCOro+AobI\nV+PybdZEM2EQjrxbL09ElVC8cLZIDcNWb6TBdHtjZmSZz3yEMxDyUtr9V4+SgqJ3\nSOuVnZclCBkuLwpj2wPRAoIBAQDtjGDCr8bofQP0KEx0g0vJstAdGnRb4MaUS+rQ\n3X7PfMOTg/dWIkEk9xMbeKMSb/umpJ6FWiJZluya/MQXjn87hLY5hD87toMy3VC6\nnzJ5luSZRwmopcpvwNW0g1gedSoSQMQqYZezaWZ98rPbd173c7eItExytwov5A+p\nektjVYnaM4DLN8+cfbdlr3AXBKIoN/SESwR9q6FPJ6Rh7cUsWjrg5O7/KyfuTaLN\nAfxX1e+nWPui7Vw9LfOT/RlvPTt41oKSumPHbCpPHUbWv9cWxJB9ADfy95BAdCN9\n+XTXhSIVV8HOqwXMCdFDNbSTTTITkhDBywY7YgbX5+nfdZ4ZAoIBAQDmd0JRSJga\n+6n+wEa/gKZD7kZBnXQ3FfofwwQ4ARWdKv9uN+hLdSdw3ej3XXvWM2i45ijjw9HD\nqYG91fHkZB6SxotiGnCq3wytpuZYU8lqjtrMm5CpinhRqmQwpUX4RxKcLhBpUZVc\nYrbd17iQ1A141A43FVh/aVFfCkW6KP0mvChRBd7SlDE1SM/qnA+Cw2wRop46tkiI\nyPYyPLZLluGMqGIRRJ9GJSTYfJu6U4Mog7ZbOLqaAI8idgPBlp+hi9YDdxyO67yc\na9DLuk3LGU6RP+9UOFFhoP4w2ReFndwkTzBA38Tsn1EAQge3n3RmvZJgeyYzouKS\ngfg+KmgU2+BDAoIBAQCst8vG4o2qjvNn/EES2kApqFT/RDPkdfuM6eIS+WlxrZJ6\nWJJm00MwgGEpMT7Ichm0Ya9M4GtnXoAsdKqTQi2qdeUUzt43KY4dVqOS/Ztyos8V\nz3vrXphhRwFbXcCdbK0pVmQLOKhXb8RwwR4a7aFkJIQG5qlLI2FJzvXAUUYtNI2l\n1JrJp4vRiermCXhjlB/fREgKRI1AXqFL71PrTDl39ScoS+ymJZfEAjjj/JSgvNGi\niOV14kWVyip3qKhspEXwp2+LBfD0l+XvXicaj6PxTvyLlrQXef8tjgQcXVuiNI/C\nmus0vE7buyunRY5FJ/TIHAUJEvg2ByFYrKv0qQ1JAoIBAQDUfwPDxKaSwpbEkG7r\nJein2+wlldNQ80+Tt5GNPdq69qlb6+qgoJ3EIKgsZKLJJs+ZJIZxM92WhhVdfwWw\n62uRM8XSp8RYmJ6tAqWCrYaaXKt7Wriwyj8UNYJ5o/n26TlMjeCN6y5HZ7FqrPu9\ndfgR/5w3x9O4btgbRHJ0KlT4QSb/ReVkzkTs93zVuh1HGX7sZ79zLR2GGZ1/RqFi\n4vSGZ788YsRkvdzSS1qfG19knMUoKQ9M7dUMFjpyZbo8Dp4+xbWsRcm7hGGZZudR\nq7zYilXWlrLazMFzMsfQaHRRej5ooqqE7oSWM0vAUCLYlFSB5yqbE8XLBlFoqFsd\nWHrXAoIBACxr5Rzg4jlvDDWmqO0JCOrOoS4dp+BRzp875ZEMpVR7hvugUQi3k+pW\nYLNzo7Y0XnzcZIQZKaGprVRQR5qvMKwHWcw20xn965mMQjemdHk8xnrKmeA+ftma\n955TVU/SfUYewGwiboHU/LY9B6qm4vn9xbX2dk76NQeq3DZqWBz3GiftCXCSTH2E\nsED5LaqX2zc9aE9D7DGTjCmoHaWeeZDzZ8+QwkcP3hrq9wUSLpq7W50P4uSDS53i\npDsVlHGU2XAeU5ITTBOda7cLxsD1TUm7ls5PTVxvTSVtcCGR+dnl5RokcgRoT+Ow\n5lK3V1gpQ95eQNJywA7+TkKxMfxrSm4=\n-----END PRIVATE KEY-----\n",
            "public_key_fingerprint_md5": "59:3d:f7:ad:78:59:e3:3f:fc:34:fb:33:62:c3:7e:81",
            "public_key_fingerprint_sha256": "SHA256:LToztL8AmObxP/eXIWFvRTYyFEc8apkMLEcnV30I/08",
            "public_key_openssh": "ssh-rsa AAAAB3NzaC1yc2EAAAADAQABAAACAQDV2si5giXY20bHARPTsosxZ5108y/ZVayF83Wl4rXRriryNn1BeJy6oqcum5izY+oNdrtigwl9nc6jVPn+5tYd73dWhiWgBgc1zGcc/DF+k+7eyGyI3MkYdfduoZIVuRs8RIn5WyTVIfz+X9z8GbgYAbyL0fMXTPvUCEB5UMC7go4Z8Ztg+raCSIMYVaqVjDr7T93bDMAOaW56RaBJwLc1c1lNlpOvGzPnPl5Q82clTujjKyeIIlM4QfknZXXDf17DKE+ObDSwXOM6CL2Uc4PkpnTaxbVis9cyLleRE/jr3DB73NpRgnDCq1xE8RmPgbzVNY5ACM30rlSCdgk/wtf9HHRduZqomwCMwSuTPgE/ShLRuYqtqOTBQ12vg5jap52fOKqfQQTq2k0wiTaq/M1nnae7qymfq6Ndp2VAV8n17Fg/5Scp1k6hcHlAth1RZrWCe0gKsywVJF6apXqWc2rbQYOmV7oJf5M/0duYmgBdrUD9kvXz3ZBQyYc7DUYwRmh22J9FgqZRfasOZQEH6C29z7JrezT3VS8o7aqYZM5X4kIO+B4qBbAjznIhDNKi6EJ4xm3Qh5HDnF99EZThRCf0sN+btyVXQlm1FvDeHPsBmeLDRlulkIbNUEhB5D7Ihqzbo/HNjMrdJ6sze2tDaH4L4QZMZA1dm1/1vAPcmYFAiw==\n",
            "public_key_pem": "-----BEGIN PUBLIC KEY-----\nMIICIjANBgkqhkiG9w0BAQEFAAOCAg8AMIICCgKCAgEA1drIuYIl2NtGxwET07KL\nMWeddPMv2VWshfN1peK10a4q8jZ9QXicuqKnLpuYs2PqDXa7YoMJfZ3Oo1T5/ubW\nHe93VoYloAYHNcxnHPwxfpPu3shsiNzJGHX3bqGSFbkbPESJ+Vsk1SH8/l/c/Bm4\nGAG8i9HzF0z71AhAeVDAu4KOGfGbYPq2gkiDGFWqlYw6+0/d2wzADmluekWgScC3\nNXNZTZaTrxsz5z5eUPNnJU7o4ysniCJTOEH5J2V1w39ewyhPjmw0sFzjOgi9lHOD\n5KZ02sW1YrPXMi5XkRP469wwe9zaUYJwwqtcRPEZj4G81TWOQAjN9K5UgnYJP8LX\n/Rx0XbmaqJsAjMErkz4BP0oS0bmKrajkwUNdr4OY2qednziqn0EE6tpNMIk2qvzN\nZ52nu6spn6ujXadlQFfJ9exYP+UnKdZOoXB5QLYdUWa1gntICrMsFSRemqV6lnNq\n20GDple6CX+TP9HbmJoAXa1A/ZL1892QUMmHOw1GMEZodtifRYKmUX2rDmUBB+gt\nvc+ya3s091UvKO2qmGTOV+JCDvgeKgWwI85yIQzSouhCeMZt0IeRw5xffRGU4UQn\n9LDfm7clV0JZtRbw3hz7AZniw0ZbpZCGzVBIQeQ+yIas26PxzYzK3SerM3trQ2h+\nC+EGTGQNXZtf9bwD3JmBQIsCAwEAAQ==\n-----END PUBLIC KEY-----\n",
            "rsa_bits": 4096
          },
          "sensitive_attributes": [
            [
              {
                "type": "get_attr",
                "value": "private_key_openssh"
              }
            ],
            [
              {
                "type": "get_attr",
                "value": "private_key_pem"
              }
            ],
            [
              {
                "type": "get_attr",
                "value": "private_key_pem_pkcs8"
              }
            ]
          ],
          "identity_schema_version": 0
        }
      ]
    },
    {
      "module": "module.rds",
      "mode": "managed",
      "type": "aws_db_instance",
      "name": "this",
      "provider": "provider[\"registry.terraform.io/hashicorp/aws\"]",
      "instances": [
        {
          "schema_version": 2,
          "attributes": {
            "address": "cloudboilerplate-db.ckhagmqygs68.us-east-1.rds.amazonaws.com",
            "allocated_storage": 20,
            "allow_major_version_upgrade": null,
            "apply_immediately": false,
            "arn": "arn:aws:rds:us-east-1:067964157498:db:cloudboilerplate-db",
            "auto_minor_version_upgrade": true,
            "availability_zone": "us-east-1b",
            "backup_retention_period": 0,
            "backup_target": "region",
            "backup_window": "05:10-05:40",
            "blue_green_update": [],
            "ca_cert_identifier": "rds-ca-rsa2048-g1",
            "character_set_name": "",
            "copy_tags_to_snapshot": false,
            "custom_iam_instance_profile": "",
            "customer_owned_ip_enabled": false,
            "database_insights_mode": "standard",
            "db_name": "cloudboilerplate",
            "db_subnet_group_name": "cloudboilerplate-db-subnet-group",
            "dedicated_log_volume": false,
            "delete_automated_backups": true,
            "deletion_protection": false,
            "domain": "",
            "domain_auth_secret_arn": "",
            "domain_dns_ips": null,
            "domain_fqdn": "",
            "domain_iam_role_name": "",
            "domain_ou": "",
            "enabled_cloudwatch_logs_exports": null,
            "endpoint": "cloudboilerplate-db.ckhagmqygs68.us-east-1.rds.amazonaws.com:3306",
            "engine": "mysql",
            "engine_lifecycle_support": "open-source-rds-extended-support",
            "engine_version": "8.0.35",
            "engine_version_actual": "8.0.35",
            "final_snapshot_identifier": null,
            "hosted_zone_id": "Z2R2ITUGPM61AM",
            "iam_database_authentication_enabled": false,
            "id": "db-AG75K3XOOYEWODOLXWNUQOLJD4",
            "identifier": "cloudboilerplate-db",
            "identifier_prefix": "",
            "instance_class": "db.t3.micro",
            "iops": 0,
            "kms_key_id": "",
            "latest_restorable_time": "",
            "license_model": "general-public-license",
            "listener_endpoint": [],
            "maintenance_window": "tue:03:19-tue:03:49",
            "manage_master_user_password": null,
            "master_user_secret": [],
            "master_user_secret_kms_key_id": null,
            "max_allocated_storage": 0,
            "monitoring_interval": 0,
            "monitoring_role_arn": "",
            "multi_az": false,
            "nchar_character_set_name": "",
            "network_type": "IPV4",
            "option_group_name": "default:mysql-8-0",
            "parameter_group_name": "default.mysql8.0",
            "password": "terraform123",
            "password_wo": null,
            "password_wo_version": null,
            "performance_insights_enabled": false,
            "performance_insights_kms_key_id": "",
            "performance_insights_retention_period": 0,
            "port": 3306,
            "publicly_accessible": true,
            "region": "us-east-1",
            "replica_mode": "",
            "replicas": [],
            "replicate_source_db": "",
            "resource_id": "db-AG75K3XOOYEWODOLXWNUQOLJD4",
            "restore_to_point_in_time": [],
            "s3_import": [],
            "skip_final_snapshot": true,
            "snapshot_identifier": null,
            "status": "available",
            "storage_encrypted": false,
            "storage_throughput": 0,
            "storage_type": "gp2",
            "tags": {
              "Name": "cloudboilerplate-db"
            },
            "tags_all": {
              "Name": "cloudboilerplate-db"
            },
            "timeouts": null,
            "timezone": "",
            "upgrade_storage_config": null,
            "username": "admin",
            "vpc_security_group_ids": [
              "sg-0c1c54fc66444afff"
            ]
          },
          "sensitive_attributes": [
            [
              {
                "type": "get_attr",
                "value": "password"
              }
            ],
            [
              {
                "type": "get_attr",
                "value": "password_wo"
              }
            ]
          ],
          "identity_schema_version": 0,
          "private": "eyJlMmJmYjczMC1lY2FhLTExZTYtOGY4OC0zNDM2M2JjN2M0YzAiOnsiY3JlYXRlIjozMDAwMDAwMDAwMDAwLCJkZWxldGUiOjM2MDAwMDAwMDAwMDAsInVwZGF0ZSI6NDgwMDAwMDAwMDAwMH0sInNjaGVtYV92ZXJzaW9uIjoiMiJ9",
          "dependencies": [
            "module.rds.aws_db_subnet_group.this",
            "module.security_groups.aws_security_group.ec2_sg",
            "module.security_groups.aws_security_group.rds_sg",
            "module.vpc.aws_subnet.public_subnet",
            "module.vpc.aws_vpc.main"
          ]
        }
      ]
    },
    {
      "module": "module.rds",
      "mode": "managed",
      "type": "aws_db_subnet_group",
      "name": "this",
      "provider": "provider[\"registry.terraform.io/hashicorp/aws\"]",
      "instances": [
        {
          "schema_version": 0,
          "attributes": {
            "arn": "arn:aws:rds:us-east-1:067964157498:subgrp:cloudboilerplate-db-subnet-group",
            "description": "Managed by Terraform",
            "id": "cloudboilerplate-db-subnet-group",
            "name": "cloudboilerplate-db-subnet-group",
            "name_prefix": "",
            "region": "us-east-1",
            "subnet_ids": [
              "subnet-06f6db294b3467b6e",
              "subnet-0cc1c1c13f3e43171"
            ],
            "supported_network_types": [
              "IPV4"
            ],
            "tags": {
              "Name": "cloudboilerplate-db-subnet-group"
            },
            "tags_all": {
              "Name": "cloudboilerplate-db-subnet-group"
            },
            "vpc_id": "vpc-0c2e02a8afafe2255"
          },
          "sensitive_attributes": [],
          "identity_schema_version": 0,
          "private": "bnVsbA==",
          "dependencies": [
            "module.vpc.aws_subnet.public_subnet",
            "module.vpc.aws_vpc.main"
          ]
        }
      ]
    },
    {
      "module": "module.s3",
      "mode": "managed",
      "type": "aws_s3_bucket",
      "name": "this",
      "provider": "provider[\"registry.terraform.io/hashicorp/aws\"]",
      "instances": [
        {
          "schema_version": 0,
          "attributes": {
            "acceleration_status": "",
            "acl": null,
            "arn": "arn:aws:s3:::cloudboilerplate-bucket",
            "bucket": "cloudboilerplate-bucket",
            "bucket_domain_name": "cloudboilerplate-bucket.s3.amazonaws.com",
            "bucket_prefix": "",
            "bucket_region": "us-east-1",
            "bucket_regional_domain_name": "cloudboilerplate-bucket.s3.us-east-1.amazonaws.com",
            "cors_rule": [],
            "force_destroy": true,
            "grant": [
              {
                "id": "1fa645bd1a8493c5fe896da3a8c5cc0ee44a3a646807b01b63cdc76e8a9a57bc",
                "permissions": [
                  "FULL_CONTROL"
                ],
                "type": "CanonicalUser",
                "uri": ""
              }
            ],
            "hosted_zone_id": "Z3AQBSTGFYJSTF",
            "id": "cloudboilerplate-bucket",
            "lifecycle_rule": [],
            "logging": [],
            "object_lock_configuration": [],
            "object_lock_enabled": false,
            "policy": "",
            "region": "us-east-1",
            "replication_configuration": [],
            "request_payer": "BucketOwner",
            "server_side_encryption_configuration": [
              {
                "rule": [
                  {
                    "apply_server_side_encryption_by_default": [
                      {
                        "kms_master_key_id": "",
                        "sse_algorithm": "AES256"
                      }
                    ],
                    "bucket_key_enabled": false
                  }
                ]
              }
            ],
            "tags": {
              "Name": "cloudboilerplate-bucket"
            },
            "tags_all": {
              "Name": "cloudboilerplate-bucket"
            },
            "timeouts": null,
            "versioning": [
              {
                "enabled": false,
                "mfa_delete": false
              }
            ],
            "website": [],
            "website_domain": null,
            "website_endpoint": null
          },
          "sensitive_attributes": [],
          "identity_schema_version": 0,
          "identity": {
            "account_id": "067964157498",
            "bucket": "cloudboilerplate-bucket",
            "region": "us-east-1"
          },
          "private": "eyJlMmJmYjczMC1lY2FhLTExZTYtOGY4OC0zNDM2M2JjN2M0YzAiOnsiY3JlYXRlIjoxMjAwMDAwMDAwMDAwLCJkZWxldGUiOjM2MDAwMDAwMDAwMDAsInJlYWQiOjEyMDAwMDAwMDAwMDAsInVwZGF0ZSI6MTIwMDAwMDAwMDAwMH19"
        }
      ]
    },
    {
      "module": "module.s3",
      "mode": "managed",
      "type": "aws_s3_bucket_public_access_block",
      "name": "this",
      "provider": "provider[\"registry.terraform.io/hashicorp/aws\"]",
      "instances": [
        {
          "schema_version": 0,
          "attributes": {
            "block_public_acls": true,
            "block_public_policy": true,
            "bucket": "cloudboilerplate-bucket",
            "id": "cloudboilerplate-bucket",
            "ignore_public_acls": true,
            "region": "us-east-1",
            "restrict_public_buckets": true,
            "skip_destroy": null
          },
          "sensitive_attributes": [],
          "identity_schema_version": 0,
          "private": "bnVsbA==",
          "dependencies": [
            "module.s3.aws_s3_bucket.this"
          ]
        }
      ]
    },
    {
      "module": "module.security_groups",
      "mode": "managed",
      "type": "aws_security_group",
      "name": "ec2_sg",
      "provider": "provider[\"registry.terraform.io/hashicorp/aws\"]",
      "instances": [
        {
          "schema_version": 1,
          "attributes": {
            "arn": "arn:aws:ec2:us-east-1:067964157498:security-group/sg-086577d942b5fd103",
            "description": "Allow SSH and HTTP",
            "egress": [
              {
                "cidr_blocks": [
                  "0.0.0.0/0"
                ],
                "description": "",
                "from_port": 0,
                "ipv6_cidr_blocks": [],
                "prefix_list_ids": [],
                "protocol": "-1",
                "security_groups": [],
                "self": false,
                "to_port": 0
              }
            ],
            "id": "sg-086577d942b5fd103",
            "ingress": [
              {
                "cidr_blocks": [
                  "0.0.0.0/0"
                ],
                "description": "",
                "from_port": 22,
                "ipv6_cidr_blocks": [],
                "prefix_list_ids": [],
                "protocol": "tcp",
                "security_groups": [],
                "self": false,
                "to_port": 22
              },
              {
                "cidr_blocks": [
                  "0.0.0.0/0"
                ],
                "description": "",
                "from_port": 80,
                "ipv6_cidr_blocks": [],
                "prefix_list_ids": [],
                "protocol": "tcp",
                "security_groups": [],
                "self": false,
                "to_port": 80
              }
            ],
            "name": "ec2_sg",
            "name_prefix": "",
            "owner_id": "067964157498",
            "region": "us-east-1",
            "revoke_rules_on_delete": null,
            "tags": {
              "Name": "ec2_sg"
            },
            "tags_all": {
              "Name": "ec2_sg"
            },
            "timeouts": null,
            "vpc_id": "vpc-0c2e02a8afafe2255"
          },
          "sensitive_attributes": [],
          "identity_schema_version": 0,
          "private": "eyJlMmJmYjczMC1lY2FhLTExZTYtOGY4OC0zNDM2M2JjN2M0YzAiOnsiY3JlYXRlIjo2MDAwMDAwMDAwMDAsImRlbGV0ZSI6OTAwMDAwMDAwMDAwfSwic2NoZW1hX3ZlcnNpb24iOiIxIn0=",
          "dependencies": [
            "module.vpc.aws_vpc.main"
          ]
        }
      ]
    },
    {
      "module": "module.security_groups",
      "mode": "managed",
      "type": "aws_security_group",
      "name": "rds_sg",
      "provider": "provider[\"registry.terraform.io/hashicorp/aws\"]",
      "instances": [
        {
          "schema_version": 1,
          "attributes": {
            "arn": "arn:aws:ec2:us-east-1:067964157498:security-group/sg-0c1c54fc66444afff",
            "description": "Allow MySQL from EC2",
            "egress": [
              {
                "cidr_blocks": [
                  "0.0.0.0/0"
                ],
                "description": "",
                "from_port": 0,
                "ipv6_cidr_blocks": [],
                "prefix_list_ids": [],
                "protocol": "-1",
                "security_groups": [],
                "self": false,
                "to_port": 0
              }
            ],
            "id": "sg-0c1c54fc66444afff",
            "ingress": [
              {
                "cidr_blocks": [],
                "description": "",
                "from_port": 3306,
                "ipv6_cidr_blocks": [],
                "prefix_list_ids": [],
                "protocol": "tcp",
                "security_groups": [
                  "sg-086577d942b5fd103"
                ],
                "self": false,
                "to_port": 3306
              }
            ],
            "name": "rds_sg",
            "name_prefix": "",
            "owner_id": "067964157498",
            "region": "us-east-1",
            "revoke_rules_on_delete": false,
            "tags": {
              "Name": "rds_sg"
            },
            "tags_all": {
              "Name": "rds_sg"
            },
            "timeouts": null,
            "vpc_id": "vpc-0c2e02a8afafe2255"
          },
          "sensitive_attributes": [],
          "identity_schema_version": 0,
          "private": "eyJlMmJmYjczMC1lY2FhLTExZTYtOGY4OC0zNDM2M2JjN2M0YzAiOnsiY3JlYXRlIjo2MDAwMDAwMDAwMDAsImRlbGV0ZSI6OTAwMDAwMDAwMDAwfSwic2NoZW1hX3ZlcnNpb24iOiIxIn0=",
          "dependencies": [
            "module.security_groups.aws_security_group.ec2_sg",
            "module.vpc.aws_vpc.main"
          ]
        }
      ]
    },
    {
      "module": "module.vpc",
      "mode": "managed",
      "type": "aws_eip",
      "name": "nat_eip",
      "provider": "provider[\"registry.terraform.io/hashicorp/aws\"]",
      "instances": [
        {
          "schema_version": 0,
          "attributes": {
            "address": null,
            "allocation_id": "eipalloc-04dcd233ae05f35b3",
            "arn": "arn:aws:ec2:us-east-1:067964157498:elastic-ip/eipalloc-04dcd233ae05f35b3",
            "associate_with_private_ip": null,
            "association_id": "eipassoc-0d5f51b1fb3983876",
            "carrier_ip": "",
            "customer_owned_ip": "",
            "customer_owned_ipv4_pool": "",
            "domain": "vpc",
            "id": "eipalloc-04dcd233ae05f35b3",
            "instance": "",
            "ipam_pool_id": null,
            "network_border_group": "us-east-1",
            "network_interface": "eni-0d3bf575e85f228af",
            "private_dns": "ip-10-0-1-207.ec2.internal",
            "private_ip": "10.0.1.207",
            "ptr_record": "",
            "public_dns": "ec2-52-71-160-88.compute-1.amazonaws.com",
            "public_ip": "52.71.160.88",
            "public_ipv4_pool": "amazon",
            "region": "us-east-1",
            "tags": {
              "Name": "cloudboilerplate-nat-eip"
            },
            "tags_all": {
              "Name": "cloudboilerplate-nat-eip"
            },
            "timeouts": null
          },
          "sensitive_attributes": [],
          "identity_schema_version": 0,
          "private": "eyJlMmJmYjczMC1lY2FhLTExZTYtOGY4OC0zNDM2M2JjN2M0YzAiOnsiZGVsZXRlIjoxODAwMDAwMDAwMDAsInJlYWQiOjkwMDAwMDAwMDAwMCwidXBkYXRlIjozMDAwMDAwMDAwMDB9fQ=="
        }
      ]
    },
    {
      "module": "module.vpc",
      "mode": "managed",
      "type": "aws_internet_gateway",
      "name": "igw",
      "provider": "provider[\"registry.terraform.io/hashicorp/aws\"]",
      "instances": [
        {
          "schema_version": 0,
          "attributes": {
            "arn": "arn:aws:ec2:us-east-1:067964157498:internet-gateway/igw-0c66a71db0b25a935",
            "id": "igw-0c66a71db0b25a935",
            "owner_id": "067964157498",
            "region": "us-east-1",
            "tags": {
              "Name": "cloudboilerplate-igw"
            },
            "tags_all": {
              "Name": "cloudboilerplate-igw"
            },
            "timeouts": null,
            "vpc_id": "vpc-0c2e02a8afafe2255"
          },
          "sensitive_attributes": [],
          "identity_schema_version": 0,
          "private": "eyJlMmJmYjczMC1lY2FhLTExZTYtOGY4OC0zNDM2M2JjN2M0YzAiOnsiY3JlYXRlIjoxMjAwMDAwMDAwMDAwLCJkZWxldGUiOjEyMDAwMDAwMDAwMDAsInVwZGF0ZSI6MTIwMDAwMDAwMDAwMH19",
          "dependencies": [
            "module.vpc.aws_vpc.main"
          ]
        }
      ]
    },
    {
      "module": "module.vpc",
      "mode": "managed",
      "type": "aws_nat_gateway",
      "name": "nat",
      "provider": "provider[\"registry.terraform.io/hashicorp/aws\"]",
      "instances": [
        {
          "schema_version": 0,
          "attributes": {
            "allocation_id": "eipalloc-04dcd233ae05f35b3",
            "association_id": "eipassoc-0d5f51b1fb3983876",
            "connectivity_type": "public",
            "id": "nat-0421cebc6ef4c2269",
            "network_interface_id": "eni-0d3bf575e85f228af",
            "private_ip": "10.0.1.207",
            "public_ip": "52.71.160.88",
            "region": "us-east-1",
            "secondary_allocation_ids": [],
            "secondary_private_ip_address_count": 0,
            "secondary_private_ip_addresses": [],
            "subnet_id": "subnet-0cc1c1c13f3e43171",
            "tags": {
              "Name": "cloudboilerplate-nat-gateway"
            },
            "tags_all": {
              "Name": "cloudboilerplate-nat-gateway"
            },
            "timeouts": null
          },
          "sensitive_attributes": [],
          "identity_schema_version": 0,
          "private": "eyJlMmJmYjczMC1lY2FhLTExZTYtOGY4OC0zNDM2M2JjN2M0YzAiOnsiY3JlYXRlIjo2MDAwMDAwMDAwMDAsImRlbGV0ZSI6MTgwMDAwMDAwMDAwMCwidXBkYXRlIjo2MDAwMDAwMDAwMDB9fQ==",
          "dependencies": [
            "module.vpc.aws_eip.nat_eip",
            "module.vpc.aws_subnet.public_subnet",
            "module.vpc.aws_vpc.main"
          ]
        }
      ]
    },
    {
      "module": "module.vpc",
      "mode": "managed",
      "type": "aws_route",
      "name": "private_nat_gateway",
      "provider": "provider[\"registry.terraform.io/hashicorp/aws\"]",
      "instances": [
        {
          "schema_version": 0,
          "attributes": {
            "carrier_gateway_id": "",
            "core_network_arn": "",
            "destination_cidr_block": "0.0.0.0/0",
            "destination_ipv6_cidr_block": "",
            "destination_prefix_list_id": "",
            "egress_only_gateway_id": "",
            "gateway_id": "",
            "id": "r-rtb-040cf90ef7ded9ea91080289494",
            "instance_id": "",
            "instance_owner_id": "",
            "local_gateway_id": "",
            "nat_gateway_id": "nat-0421cebc6ef4c2269",
            "network_interface_id": "",
            "origin": "CreateRoute",
            "region": "us-east-1",
            "route_table_id": "rtb-040cf90ef7ded9ea9",
            "state": "active",
            "timeouts": null,
            "transit_gateway_id": "",
            "vpc_endpoint_id": "",
            "vpc_peering_connection_id": ""
          },
          "sensitive_attributes": [],
          "identity_schema_version": 0,
          "private": "eyJlMmJmYjczMC1lY2FhLTExZTYtOGY4OC0zNDM2M2JjN2M0YzAiOnsiY3JlYXRlIjozMDAwMDAwMDAwMDAsImRlbGV0ZSI6MzAwMDAwMDAwMDAwLCJ1cGRhdGUiOjEyMDAwMDAwMDAwMH19",
          "dependencies": [
            "module.vpc.aws_eip.nat_eip",
            "module.vpc.aws_nat_gateway.nat",
            "module.vpc.aws_route_table.private",
            "module.vpc.aws_subnet.public_subnet",
            "module.vpc.aws_vpc.main"
          ]
        }
      ]
    },
    {
      "module": "module.vpc",
      "mode": "managed",
      "type": "aws_route",
      "name": "public_internet_access",
      "provider": "provider[\"registry.terraform.io/hashicorp/aws\"]",
      "instances": [
        {
          "schema_version": 0,
          "attributes": {
            "carrier_gateway_id": "",
            "core_network_arn": "",
            "destination_cidr_block": "0.0.0.0/0",
            "destination_ipv6_cidr_block": "",
            "destination_prefix_list_id": "",
            "egress_only_gateway_id": "",
            "gateway_id": "igw-0c66a71db0b25a935",
            "id": "r-rtb-05921511919ca0ab31080289494",
            "instance_id": "",
            "instance_owner_id": "",
            "local_gateway_id": "",
            "nat_gateway_id": "",
            "network_interface_id": "",
            "origin": "CreateRoute",
            "region": "us-east-1",
            "route_table_id": "rtb-05921511919ca0ab3",
            "state": "active",
            "timeouts": null,
            "transit_gateway_id": "",
            "vpc_endpoint_id": "",
            "vpc_peering_connection_id": ""
          },
          "sensitive_attributes": [],
          "identity_schema_version": 0,
          "private": "eyJlMmJmYjczMC1lY2FhLTExZTYtOGY4OC0zNDM2M2JjN2M0YzAiOnsiY3JlYXRlIjozMDAwMDAwMDAwMDAsImRlbGV0ZSI6MzAwMDAwMDAwMDAwLCJ1cGRhdGUiOjEyMDAwMDAwMDAwMH19",
          "dependencies": [
            "module.vpc.aws_internet_gateway.igw",
            "module.vpc.aws_route_table.public",
            "module.vpc.aws_vpc.main"
          ]
        }
      ]
    },
    {
      "module": "module.vpc",
      "mode": "managed",
      "type": "aws_route_table",
      "name": "private",
      "provider": "provider[\"registry.terraform.io/hashicorp/aws\"]",
      "instances": [
        {
          "schema_version": 0,
          "attributes": {
            "arn": "arn:aws:ec2:us-east-1:067964157498:route-table/rtb-040cf90ef7ded9ea9",
            "id": "rtb-040cf90ef7ded9ea9",
            "owner_id": "067964157498",
            "propagating_vgws": [],
            "region": "us-east-1",
            "route": [
              {
                "carrier_gateway_id": "",
                "cidr_block": "0.0.0.0/0",
                "core_network_arn": "",
                "destination_prefix_list_id": "",
                "egress_only_gateway_id": "",
                "gateway_id": "",
                "ipv6_cidr_block": "",
                "local_gateway_id": "",
                "nat_gateway_id": "nat-0421cebc6ef4c2269",
                "network_interface_id": "",
                "transit_gateway_id": "",
                "vpc_endpoint_id": "",
                "vpc_peering_connection_id": ""
              }
            ],
            "tags": {
              "Name": "cloudboilerplate-private-rt"
            },
            "tags_all": {
              "Name": "cloudboilerplate-private-rt"
            },
            "timeouts": null,
            "vpc_id": "vpc-0c2e02a8afafe2255"
          },
          "sensitive_attributes": [],
          "identity_schema_version": 0,
          "private": "eyJlMmJmYjczMC1lY2FhLTExZTYtOGY4OC0zNDM2M2JjN2M0YzAiOnsiY3JlYXRlIjozMDAwMDAwMDAwMDAsImRlbGV0ZSI6MzAwMDAwMDAwMDAwLCJ1cGRhdGUiOjEyMDAwMDAwMDAwMH19",
          "dependencies": [
            "module.vpc.aws_vpc.main"
          ]
        }
      ]
    },
    {
      "module": "module.vpc",
      "mode": "managed",
      "type": "aws_route_table",
      "name": "public",
      "provider": "provider[\"registry.terraform.io/hashicorp/aws\"]",
      "instances": [
        {
          "schema_version": 0,
          "attributes": {
            "arn": "arn:aws:ec2:us-east-1:067964157498:route-table/rtb-05921511919ca0ab3",
            "id": "rtb-05921511919ca0ab3",
            "owner_id": "067964157498",
            "propagating_vgws": [],
            "region": "us-east-1",
            "route": [
              {
                "carrier_gateway_id": "",
                "cidr_block": "0.0.0.0/0",
                "core_network_arn": "",
                "destination_prefix_list_id": "",
                "egress_only_gateway_id": "",
                "gateway_id": "igw-0c66a71db0b25a935",
                "ipv6_cidr_block": "",
                "local_gateway_id": "",
                "nat_gateway_id": "",
                "network_interface_id": "",
                "transit_gateway_id": "",
                "vpc_endpoint_id": "",
                "vpc_peering_connection_id": ""
              }
            ],
            "tags": {
              "Name": "cloudboilerplate-public-rt"
            },
            "tags_all": {
              "Name": "cloudboilerplate-public-rt"
            },
            "timeouts": null,
            "vpc_id": "vpc-0c2e02a8afafe2255"
          },
          "sensitive_attributes": [],
          "identity_schema_version": 0,
          "private": "eyJlMmJmYjczMC1lY2FhLTExZTYtOGY4OC0zNDM2M2JjN2M0YzAiOnsiY3JlYXRlIjozMDAwMDAwMDAwMDAsImRlbGV0ZSI6MzAwMDAwMDAwMDAwLCJ1cGRhdGUiOjEyMDAwMDAwMDAwMH19",
          "dependencies": [
            "module.vpc.aws_vpc.main"
          ]
        }
      ]
    },
    {
      "module": "module.vpc",
      "mode": "managed",
      "type": "aws_route_table_association",
      "name": "private",
      "provider": "provider[\"registry.terraform.io/hashicorp/aws\"]",
      "instances": [
        {
          "index_key": 0,
          "schema_version": 0,
          "attributes": {
            "gateway_id": "",
            "id": "rtbassoc-0cd353b79a64959b3",
            "region": "us-east-1",
            "route_table_id": "rtb-040cf90ef7ded9ea9",
            "subnet_id": "subnet-03714a02016e519eb",
            "timeouts": null
          },
          "sensitive_attributes": [],
          "identity_schema_version": 0,
          "private": "eyJlMmJmYjczMC1lY2FhLTExZTYtOGY4OC0zNDM2M2JjN2M0YzAiOnsiY3JlYXRlIjozMDAwMDAwMDAwMDAsImRlbGV0ZSI6MzAwMDAwMDAwMDAwLCJ1cGRhdGUiOjEyMDAwMDAwMDAwMH19",
          "dependencies": [
            "module.vpc.aws_route_table.private",
            "module.vpc.aws_subnet.private_subnet",
            "module.vpc.aws_vpc.main"
          ]
        },
        {
          "index_key": 1,
          "schema_version": 0,
          "attributes": {
            "gateway_id": "",
            "id": "rtbassoc-0bc874d4eed8f0d97",
            "region": "us-east-1",
            "route_table_id": "rtb-040cf90ef7ded9ea9",
            "subnet_id": "subnet-0085b3dc474e720a2",
            "timeouts": null
          },
          "sensitive_attributes": [],
          "identity_schema_version": 0,
          "private": "eyJlMmJmYjczMC1lY2FhLTExZTYtOGY4OC0zNDM2M2JjN2M0YzAiOnsiY3JlYXRlIjozMDAwMDAwMDAwMDAsImRlbGV0ZSI6MzAwMDAwMDAwMDAwLCJ1cGRhdGUiOjEyMDAwMDAwMDAwMH19",
          "dependencies": [
            "module.vpc.aws_route_table.private",
            "module.vpc.aws_subnet.private_subnet",
            "module.vpc.aws_vpc.main"
          ]
        }
      ]
    },
    {
      "module": "module.vpc",
      "mode": "managed",
      "type": "aws_route_table_association",
      "name": "public",
      "provider": "provider[\"registry.terraform.io/hashicorp/aws\"]",
      "instances": [
        {
          "index_key": 0,
          "schema_version": 0,
          "attributes": {
            "gateway_id": "",
            "id": "rtbassoc-0a8d8af890a94547e",
            "region": "us-east-1",
            "route_table_id": "rtb-05921511919ca0ab3",
            "subnet_id": "subnet-0cc1c1c13f3e43171",
            "timeouts": null
          },
          "sensitive_attributes": [],
          "identity_schema_version": 0,
          "private": "eyJlMmJmYjczMC1lY2FhLTExZTYtOGY4OC0zNDM2M2JjN2M0YzAiOnsiY3JlYXRlIjozMDAwMDAwMDAwMDAsImRlbGV0ZSI6MzAwMDAwMDAwMDAwLCJ1cGRhdGUiOjEyMDAwMDAwMDAwMH19",
          "dependencies": [
            "module.vpc.aws_route_table.public",
            "module.vpc.aws_subnet.public_subnet",
            "module.vpc.aws_vpc.main"
          ]
        },
        {
          "index_key": 1,
          "schema_version": 0,
          "attributes": {
            "gateway_id": "",
            "id": "rtbassoc-094b5dbe30e0608f4",
            "region": "us-east-1",
            "route_table_id": "rtb-05921511919ca0ab3",
            "subnet_id": "subnet-06f6db294b3467b6e",
            "timeouts": null
          },
          "sensitive_attributes": [],
          "identity_schema_version": 0,
          "private": "eyJlMmJmYjczMC1lY2FhLTExZTYtOGY4OC0zNDM2M2JjN2M0YzAiOnsiY3JlYXRlIjozMDAwMDAwMDAwMDAsImRlbGV0ZSI6MzAwMDAwMDAwMDAwLCJ1cGRhdGUiOjEyMDAwMDAwMDAwMH19",
          "dependencies": [
            "module.vpc.aws_route_table.public",
            "module.vpc.aws_subnet.public_subnet",
            "module.vpc.aws_vpc.main"
          ]
        }
      ]
    },
    {
      "module": "module.vpc",
      "mode": "managed",
      "type": "aws_subnet",
      "name": "private_subnet",
      "provider": "provider[\"registry.terraform.io/hashicorp/aws\"]",
      "instances": [
        {
          "index_key": 0,
          "schema_version": 1,
          "attributes": {
            "arn": "arn:aws:ec2:us-east-1:067964157498:subnet/subnet-03714a02016e519eb",
            "assign_ipv6_address_on_creation": false,
            "availability_zone": "us-east-1a",
            "availability_zone_id": "use1-az1",
            "cidr_block": "10.0.101.0/24",
            "customer_owned_ipv4_pool": "",
            "enable_dns64": false,
            "enable_lni_at_device_index": 0,
            "enable_resource_name_dns_a_record_on_launch": false,
            "enable_resource_name_dns_aaaa_record_on_launch": false,
            "id": "subnet-03714a02016e519eb",
            "ipv6_cidr_block": "",
            "ipv6_cidr_block_association_id": "",
            "ipv6_native": false,
            "map_customer_owned_ip_on_launch": false,
            "map_public_ip_on_launch": false,
            "outpost_arn": "",
            "owner_id": "067964157498",
            "private_dns_hostname_type_on_launch": "ip-name",
            "region": "us-east-1",
            "tags": {
              "Name": "cloudboilerplate-private-1"
            },
            "tags_all": {
              "Name": "cloudboilerplate-private-1"
            },
            "timeouts": null,
            "vpc_id": "vpc-0c2e02a8afafe2255"
          },
          "sensitive_attributes": [],
          "identity_schema_version": 0,
          "private": "eyJlMmJmYjczMC1lY2FhLTExZTYtOGY4OC0zNDM2M2JjN2M0YzAiOnsiY3JlYXRlIjo2MDAwMDAwMDAwMDAsImRlbGV0ZSI6MTIwMDAwMDAwMDAwMH0sInNjaGVtYV92ZXJzaW9uIjoiMSJ9",
          "dependencies": [
            "module.vpc.aws_vpc.main"
          ]
        },
        {
          "index_key": 1,
          "schema_version": 1,
          "attributes": {
            "arn": "arn:aws:ec2:us-east-1:067964157498:subnet/subnet-0085b3dc474e720a2",
            "assign_ipv6_address_on_creation": false,
            "availability_zone": "us-east-1b",
            "availability_zone_id": "use1-az2",
            "cidr_block": "10.0.102.0/24",
            "customer_owned_ipv4_pool": "",
            "enable_dns64": false,
            "enable_lni_at_device_index": 0,
            "enable_resource_name_dns_a_record_on_launch": false,
            "enable_resource_name_dns_aaaa_record_on_launch": false,
            "id": "subnet-0085b3dc474e720a2",
            "ipv6_cidr_block": "",
            "ipv6_cidr_block_association_id": "",
            "ipv6_native": false,
            "map_customer_owned_ip_on_launch": false,
            "map_public_ip_on_launch": false,
            "outpost_arn": "",
            "owner_id": "067964157498",
            "private_dns_hostname_type_on_launch": "ip-name",
            "region": "us-east-1",
            "tags": {
              "Name": "cloudboilerplate-private-2"
            },
            "tags_all": {
              "Name": "cloudboilerplate-private-2"
            },
            "timeouts": null,
            "vpc_id": "vpc-0c2e02a8afafe2255"
          },
          "sensitive_attributes": [],
          "identity_schema_version": 0,
          "private": "eyJlMmJmYjczMC1lY2FhLTExZTYtOGY4OC0zNDM2M2JjN2M0YzAiOnsiY3JlYXRlIjo2MDAwMDAwMDAwMDAsImRlbGV0ZSI6MTIwMDAwMDAwMDAwMH0sInNjaGVtYV92ZXJzaW9uIjoiMSJ9",
          "dependencies": [
            "module.vpc.aws_vpc.main"
          ]
        }
      ]
    },
    {
      "module": "module.vpc",
      "mode": "managed",
      "type": "aws_subnet",
      "name": "public_subnet",
      "provider": "provider[\"registry.terraform.io/hashicorp/aws\"]",
      "instances": [
        {
          "index_key": 0,
          "schema_version": 1,
          "attributes": {
            "arn": "arn:aws:ec2:us-east-1:067964157498:subnet/subnet-0cc1c1c13f3e43171",
            "assign_ipv6_address_on_creation": false,
            "availability_zone": "us-east-1a",
            "availability_zone_id": "use1-az1",
            "cidr_block": "10.0.1.0/24",
            "customer_owned_ipv4_pool": "",
            "enable_dns64": false,
            "enable_lni_at_device_index": 0,
            "enable_resource_name_dns_a_record_on_launch": false,
            "enable_resource_name_dns_aaaa_record_on_launch": false,
            "id": "subnet-0cc1c1c13f3e43171",
            "ipv6_cidr_block": "",
            "ipv6_cidr_block_association_id": "",
            "ipv6_native": false,
            "map_customer_owned_ip_on_launch": false,
            "map_public_ip_on_launch": true,
            "outpost_arn": "",
            "owner_id": "067964157498",
            "private_dns_hostname_type_on_launch": "ip-name",
            "region": "us-east-1",
            "tags": {
              "Name": "cloudboilerplate-public-1"
            },
            "tags_all": {
              "Name": "cloudboilerplate-public-1"
            },
            "timeouts": null,
            "vpc_id": "vpc-0c2e02a8afafe2255"
          },
          "sensitive_attributes": [],
          "identity_schema_version": 0,
          "private": "eyJlMmJmYjczMC1lY2FhLTExZTYtOGY4OC0zNDM2M2JjN2M0YzAiOnsiY3JlYXRlIjo2MDAwMDAwMDAwMDAsImRlbGV0ZSI6MTIwMDAwMDAwMDAwMH0sInNjaGVtYV92ZXJzaW9uIjoiMSJ9",
          "dependencies": [
            "module.vpc.aws_vpc.main"
          ]
        },
        {
          "index_key": 1,
          "schema_version": 1,
          "attributes": {
            "arn": "arn:aws:ec2:us-east-1:067964157498:subnet/subnet-06f6db294b3467b6e",
            "assign_ipv6_address_on_creation": false,
            "availability_zone": "us-east-1b",
            "availability_zone_id": "use1-az2",
            "cidr_block": "10.0.2.0/24",
            "customer_owned_ipv4_pool": "",
            "enable_dns64": false,
            "enable_lni_at_device_index": 0,
            "enable_resource_name_dns_a_record_on_launch": false,
            "enable_resource_name_dns_aaaa_record_on_launch": false,
            "id": "subnet-06f6db294b3467b6e",
            "ipv6_cidr_block": "",
            "ipv6_cidr_block_association_id": "",
            "ipv6_native": false,
            "map_customer_owned_ip_on_launch": false,
            "map_public_ip_on_launch": true,
            "outpost_arn": "",
            "owner_id": "067964157498",
            "private_dns_hostname_type_on_launch": "ip-name",
            "region": "us-east-1",
            "tags": {
              "Name": "cloudboilerplate-public-2"
            },
            "tags_all": {
              "Name": "cloudboilerplate-public-2"
            },
            "timeouts": null,
            "vpc_id": "vpc-0c2e02a8afafe2255"
          },
          "sensitive_attributes": [],
          "identity_schema_version": 0,
          "private": "eyJlMmJmYjczMC1lY2FhLTExZTYtOGY4OC0zNDM2M2JjN2M0YzAiOnsiY3JlYXRlIjo2MDAwMDAwMDAwMDAsImRlbGV0ZSI6MTIwMDAwMDAwMDAwMH0sInNjaGVtYV92ZXJzaW9uIjoiMSJ9",
          "dependencies": [
            "module.vpc.aws_vpc.main"
          ]
        }
      ]
    },
    {
      "module": "module.vpc",
      "mode": "managed",
      "type": "aws_vpc",
      "name": "main",
      "provider": "provider[\"registry.terraform.io/hashicorp/aws\"]",
      "instances": [
        {
          "schema_version": 1,
          "attributes": {
            "arn": "arn:aws:ec2:us-east-1:067964157498:vpc/vpc-0c2e02a8afafe2255",
            "assign_generated_ipv6_cidr_block": false,
            "cidr_block": "10.0.0.0/16",
            "default_network_acl_id": "acl-0522b50c7a0d37da7",
            "default_route_table_id": "rtb-08f64c8508cdce950",
            "default_security_group_id": "sg-027c79b482e99efb9",
            "dhcp_options_id": "dopt-08982e6564fca8744",
            "enable_dns_hostnames": true,
            "enable_dns_support": true,
            "enable_network_address_usage_metrics": false,
            "id": "vpc-0c2e02a8afafe2255",
            "instance_tenancy": "default",
            "ipv4_ipam_pool_id": null,
            "ipv4_netmask_length": null,
            "ipv6_association_id": "",
            "ipv6_cidr_block": "",
            "ipv6_cidr_block_network_border_group": "",
            "ipv6_ipam_pool_id": "",
            "ipv6_netmask_length": 0,
            "main_route_table_id": "rtb-08f64c8508cdce950",
            "owner_id": "067964157498",
            "region": "us-east-1",
            "tags": {
              "Name": "cloudboilerplate-vpc"
            },
            "tags_all": {
              "Name": "cloudboilerplate-vpc"
            }
          },
          "sensitive_attributes": [],
          "identity_schema_version": 0,
          "private": "eyJzY2hlbWFfdmVyc2lvbiI6IjEifQ=="
        }
      ]
    }
  ],
  "check_results": null
}
